<?xml version="1.0" encoding="utf-8"?>
<Project ToolsVersion="4.0" xmlns="http://schemas.microsoft.com/developer/msbuild/2003">
  <ItemGroup>
    <CudaCompile Include="main.cu" />
  </ItemGroup>
  <ItemGroup>
    <Filter Include="Header Files">
      <UniqueIdentifier>{50113e74-db58-4ead-9842-7f291dcaf8e8}</UniqueIdentifier>
    </Filter>
    <Filter Include="Source Files">
      <UniqueIdentifier>{81a06898-e056-4a0c-8c11-35d190d49940}</UniqueIdentifier>
    </Filter>
    <Filter Include="Header Files\NewFilter1">
      <UniqueIdentifier>{37afcf15-bab8-4b7d-8559-dd96a9e1a8db}</UniqueIdentifier>
    </Filter>
  </ItemGroup>
  <ItemGroup>
    <ClInclude Include="BilateralFilter.cuh">
      <Filter>Header Files</Filter>
    </ClInclude>
    <ClInclude Include="Eigen.h">
      <Filter>Header Files</Filter>
    </ClInclude>
    <ClInclude Include="FreeImageHelper.h">
      <Filter>Header Files</Filter>
    </ClInclude>
    <ClInclude Include="GLUtilities.h">
      <Filter>Header Files</Filter>
    </ClInclude>
    <ClInclude Include="KinectSensor.h">
      <Filter>Header Files</Filter>
    </ClInclude>
    <ClInclude Include="Sensor.h">
      <Filter>Header Files</Filter>
    </ClInclude>
    <ClInclude Include="TextureManager.h">
      <Filter>Header Files</Filter>
    </ClInclude>
    <ClInclude Include="VirtualSensor.h">
      <Filter>Header Files</Filter>
    </ClInclude>
    <ClInclude Include="BackProjection.cuh">
      <Filter>Header Files</Filter>
    </ClInclude>
    <ClInclude Include="NormalCalculation.cuh">
      <Filter>Header Files</Filter>
    </ClInclude>
    <ClInclude Include="NormalCalculationEigen.h">
      <Filter>Header Files</Filter>
    </ClInclude>
    <ClInclude Include="PoseEstimator.cuh">
      <Filter>Header Files</Filter>
    </ClInclude>
    <ClInclude Include="Visualizer.h">
      <Filter>Header Files</Filter>
    </ClInclude>
  </ItemGroup>
  <ItemGroup>
    <ClCompile Include="FreeImageHelper.cpp">
      <Filter>Source Files</Filter>
    </ClCompile>
    <ClCompile Include="GLUtilities.cpp">
      <Filter>Source Files</Filter>
    </ClCompile>
    <ClCompile Include="TextureManager.cpp">
      <Filter>Source Files</Filter>
    </ClCompile>
  </ItemGroup>
</Project>